<?xml version="1.0" encoding="utf-8"?>
<Project ToolsVersion="4.0" xmlns="http://schemas.microsoft.com/developer/msbuild/2003">
  <ItemGroup>
    <Filter Include="csg">
      <UniqueIdentifier>{4d6bb20b-71bf-4efc-841c-3592dfd50876}</UniqueIdentifier>
    </Filter>
    <Filter Include="core">
      <UniqueIdentifier>{96281b66-69ef-4d89-9a4a-7fb38418e306}</UniqueIdentifier>
    </Filter>
    <Filter Include="doms">
      <UniqueIdentifier>{2976554f-bb1b-4ef9-995a-139979c5516e}</UniqueIdentifier>
    </Filter>
    <Filter Include="drawables">
      <UniqueIdentifier>{dca4e4d8-1350-4e65-b9b4-7cfeffd5e272}</UniqueIdentifier>
    </Filter>
    <Filter Include="services">
      <UniqueIdentifier>{118389a3-2eab-49bf-a58e-8d6b86c89caa}</UniqueIdentifier>
    </Filter>
  </ItemGroup>
  <ItemGroup>
    <None Include="csg\CSG.lua">
      <Filter>csg</Filter>
    </None>
    <None Include="csg\CSGNode.lua">
      <Filter>csg</Filter>
    </None>
    <None Include="csg\CSGPlane.lua">
      <Filter>csg</Filter>
    </None>
    <None Include="csg\CSGPolygon.lua">
      <Filter>csg</Filter>
    </None>
    <None Include="csg\CSGVector.lua">
      <Filter>csg</Filter>
    </None>
    <None Include="csg\CSGVertex.lua">
      <Filter>csg</Filter>
    </None>
    <None Include="core\Drawable.lua">
      <Filter>core</Filter>
    </None>
    <None Include="core\Node.lua">
      <Filter>core</Filter>
    </None>
    <None Include="core\Scene.lua">
      <Filter>core</Filter>
    </None>
    <None Include="core\Transform.lua">
      <Filter>core</Filter>
    </None>
    <None Include="doms\DomBase.lua">
      <Filter>doms</Filter>
    </None>
    <None Include="doms\DomCSGModel.lua">
      <Filter>doms</Filter>
    </None>
    <None Include="doms\DomNode.lua">
      <Filter>doms</Filter>
    </None>
    <None Include="doms\DomParser.lua">
      <Filter>doms</Filter>
    </None>
    <None Include="doms\DomScene.lua">
      <Filter>doms</Filter>
    </None>
    <None Include="drawables\CSGModel.lua">
      <Filter>drawables</Filter>
    </None>
    <None Include="services\CSGService.lua">
      <Filter>services</Filter>
    </None>
    <None Include="services\NplCadEnvironment.lua">
      <Filter>services</Filter>
    </None>
  </ItemGroup>
</Project>