<?xml version="1.0" encoding="utf-8"?>
<Project ToolsVersion="4.0" xmlns="http://schemas.microsoft.com/developer/msbuild/2003">
  <ItemGroup>
    <Filter Include="Mod">
      <UniqueIdentifier>{0b461611-c558-4ee5-82e7-f608f2572bd8}</UniqueIdentifier>
    </Filter>
    <Filter Include="Mod\NplCadLibrary">
      <UniqueIdentifier>{76fc98d7-51e3-48ed-a95b-7e3f1cbf6ea0}</UniqueIdentifier>
    </Filter>
    <Filter Include="Mod\NplCadLibrary\core">
      <UniqueIdentifier>{e47df9a8-8fcc-4dd9-af09-6d02250ab114}</UniqueIdentifier>
    </Filter>
    <Filter Include="Mod\NplCadLibrary\csg">
      <UniqueIdentifier>{30a92252-d6f8-4ede-8f0e-9755b528db11}</UniqueIdentifier>
    </Filter>
    <Filter Include="Mod\NplCadLibrary\doms">
      <UniqueIdentifier>{ac7e5fef-7b30-46eb-8709-3dc97f302367}</UniqueIdentifier>
    </Filter>
    <Filter Include="Mod\NplCadLibrary\drawables">
      <UniqueIdentifier>{b108ac06-dec2-4750-8ff7-82d97a7f0989}</UniqueIdentifier>
    </Filter>
    <Filter Include="Mod\NplCadLibrary\services">
      <UniqueIdentifier>{0ca2fcdf-b4fc-407f-b32a-9980a52d0449}</UniqueIdentifier>
    </Filter>
    <Filter Include="Mod\NplCadLibrary\utils">
      <UniqueIdentifier>{cd38d36e-1829-4a72-bd4f-befe161a9a9b}</UniqueIdentifier>
    </Filter>
    <Filter Include="Mod\NplCadLibrary\cag">
      <UniqueIdentifier>{dd8012d3-f4ab-4372-8cc0-c7ee9d93a548}</UniqueIdentifier>
    </Filter>
    <Filter Include="Mod\NplCadLibrary\testcase">
      <UniqueIdentifier>{be3bb96f-db48-43e8-9cb1-6a60b1adf98e}</UniqueIdentifier>
    </Filter>
    <Filter Include="Mod\NplCadLibrary\test">
      <UniqueIdentifier>{14fb6716-67b6-4b3e-8eb6-67fd9fa108db}</UniqueIdentifier>
    </Filter>
  </ItemGroup>
  <ItemGroup>
    <None Include="Mod\NplCadLibrary\core\Drawable.lua">
      <Filter>Mod\NplCadLibrary\core</Filter>
    </None>
    <None Include="Mod\NplCadLibrary\core\Node.lua">
      <Filter>Mod\NplCadLibrary\core</Filter>
    </None>
    <None Include="Mod\NplCadLibrary\core\Scene.lua">
      <Filter>Mod\NplCadLibrary\core</Filter>
    </None>
    <None Include="Mod\NplCadLibrary\core\Transform.lua">
      <Filter>Mod\NplCadLibrary\core</Filter>
    </None>
    <None Include="Mod\NplCadLibrary\csg\CSG.lua">
      <Filter>Mod\NplCadLibrary\csg</Filter>
    </None>
    <None Include="Mod\NplCadLibrary\csg\CSGPolygon.lua">
      <Filter>Mod\NplCadLibrary\csg</Filter>
    </None>
    <None Include="Mod\NplCadLibrary\csg\CSGVertex.lua">
      <Filter>Mod\NplCadLibrary\csg</Filter>
    </None>
    <None Include="Mod\NplCadLibrary\doms\DomBase.lua">
      <Filter>Mod\NplCadLibrary\doms</Filter>
    </None>
    <None Include="Mod\NplCadLibrary\doms\DomCSGModel.lua">
      <Filter>Mod\NplCadLibrary\doms</Filter>
    </None>
    <None Include="Mod\NplCadLibrary\doms\DomNode.lua">
      <Filter>Mod\NplCadLibrary\doms</Filter>
    </None>
    <None Include="Mod\NplCadLibrary\doms\DomParser.lua">
      <Filter>Mod\NplCadLibrary\doms</Filter>
    </None>
    <None Include="Mod\NplCadLibrary\doms\DomScene.lua">
      <Filter>Mod\NplCadLibrary\doms</Filter>
    </None>
    <None Include="Mod\NplCadLibrary\drawables\CSGModel.lua">
      <Filter>Mod\NplCadLibrary\drawables</Filter>
    </None>
    <None Include="Mod\NplCadLibrary\services\CSGService.lua">
      <Filter>Mod\NplCadLibrary\services</Filter>
    </None>
    <None Include="Mod\NplCadLibrary\services\NplCadEnvironment.lua">
      <Filter>Mod\NplCadLibrary\services</Filter>
    </None>
    <None Include="Mod\NplCadLibrary\csg\CSGFactory.lua">
      <Filter>Mod\NplCadLibrary\csg</Filter>
    </None>
    <None Include="Mod\NplCadLibrary\utils\Color.lua">
      <Filter>Mod\NplCadLibrary\utils</Filter>
    </None>
    <None Include="Mod\NplCadLibrary\csg\CSGBSPNode.lua">
      <Filter>Mod\NplCadLibrary\csg</Filter>
    </None>
    <None Include="Mod\NplCadLibrary\utils\mathext.lua">
      <Filter>Mod\NplCadLibrary\utils</Filter>
    </None>
    <None Include="Mod\NplCadLibrary\utils\tableext.lua">
      <Filter>Mod\NplCadLibrary\utils</Filter>
    </None>
    <None Include="Mod\NplCadLibrary\csg\CSGConnector.lua">
      <Filter>Mod\NplCadLibrary\csg</Filter>
    </None>
    <None Include="Mod\NplCadLibrary\csg\CSGConnectorList.lua">
      <Filter>Mod\NplCadLibrary\csg</Filter>
    </None>
    <None Include="Mod\NplCadLibrary\csg\CSGLine2D.lua">
      <Filter>Mod\NplCadLibrary\csg</Filter>
    </None>
    <None Include="Mod\NplCadLibrary\csg\CSGLine3D.lua">
      <Filter>Mod\NplCadLibrary\csg</Filter>
    </None>
    <None Include="Mod\NplCadLibrary\csg\CSGOrthoNormalBasis.lua">
      <Filter>Mod\NplCadLibrary\csg</Filter>
    </None>
    <None Include="Mod\NplCadLibrary\csg\CSGPath2D.lua">
      <Filter>Mod\NplCadLibrary\csg</Filter>
    </None>
    <None Include="Mod\NplCadLibrary\csg\CSGPolygon2D.lua">
      <Filter>Mod\NplCadLibrary\csg</Filter>
    </None>
    <None Include="Mod\NplCadLibrary\cag\CAG.lua">
      <Filter>Mod\NplCadLibrary\cag</Filter>
    </None>
    <None Include="Mod\NplCadLibrary\cag\CAGFactory.lua">
      <Filter>Mod\NplCadLibrary\cag</Filter>
    </None>
    <None Include="Mod\NplCadLibrary\cag\CAGSide.lua">
      <Filter>Mod\NplCadLibrary\cag</Filter>
    </None>
    <None Include="Mod\NplCadLibrary\cag\CAGVertex.lua">
      <Filter>Mod\NplCadLibrary\cag</Filter>
    </None>
    <None Include="Mod\NplCadLibrary\drawables\CAGModel.lua">
      <Filter>Mod\NplCadLibrary\drawables</Filter>
    </None>
    <None Include="Mod\NplCadLibrary\utils\matrix_decomp.lua">
      <Filter>Mod\NplCadLibrary\utils</Filter>
    </None>
    <None Include="Mod\NplCadLibrary\utils\ObjectPool.lua">
      <Filter>Mod\NplCadLibrary\utils</Filter>
    </None>
    <None Include="Mod\NplCadLibrary\utils\commonlib_ext.lua">
      <Filter>Mod\NplCadLibrary\utils</Filter>
    </None>
    <None Include="Mod\NplCadLibrary\testcase\TestVertex.lua">
      <Filter>Mod\NplCadLibrary\testcase</Filter>
    </None>
    <None Include="Mod\NplCadLibrary\testcase\TestLine3D.lua">
      <Filter>Mod\NplCadLibrary\testcase</Filter>
    </None>
    <None Include="Mod\NplCadLibrary\testcase\TestFrame.lua">
      <Filter>Mod\NplCadLibrary\testcase</Filter>
    </None>
    <None Include="Mod\NplCadLibrary\testcase\TestObjectPool.lua">
      <Filter>Mod\NplCadLibrary\testcase</Filter>
    </None>
    <None Include="Mod\NplCadLibrary\testcase\TestLine2D.lua">
      <Filter>Mod\NplCadLibrary\testcase</Filter>
    </None>
    <None Include="Mod\NplCadLibrary\testcase\TestConnector.lua">
      <Filter>Mod\NplCadLibrary\testcase</Filter>
    </None>
    <None Include="Mod\NplCadLibrary\testcase\TestOrthoNormalBasis.lua">
      <Filter>Mod\NplCadLibrary\testcase</Filter>
    </None>
    <None Include="Mod\NplCadLibrary\testcase\TestPolygon.lua">
      <Filter>Mod\NplCadLibrary\testcase</Filter>
    </None>
    <None Include="Mod\NplCadLibrary\testcase\TestTableExt.lua">
      <Filter>Mod\NplCadLibrary\testcase</Filter>
    </None>
    <None Include="Mod\NplCadLibrary\testcase\TestVector3d.lua">
      <Filter>Mod\NplCadLibrary\testcase</Filter>
    </None>
    <None Include="Mod\NplCadLibrary\services\CSGBuildContext.lua">
      <Filter>Mod\NplCadLibrary\services</Filter>
    </None>
    <None Include="Mod\NplCadLibrary\test\test_2dboolean.lua">
      <Filter>Mod\NplCadLibrary\test</Filter>
    </None>
    <None Include="Mod\NplCadLibrary\test\test_boolean2dand3d.lua">
      <Filter>Mod\NplCadLibrary\test</Filter>
    </None>
    <None Include="Mod\NplCadLibrary\test\test_boolean2donly.lua">
      <Filter>Mod\NplCadLibrary\test</Filter>
    </None>
    <None Include="Mod\NplCadLibrary\test\test_boolean2dwith3dtransform.lua">
      <Filter>Mod\NplCadLibrary\test</Filter>
    </None>
    <None Include="Mod\NplCadLibrary\test\test_boolean3donly.lua">
      <Filter>Mod\NplCadLibrary\test</Filter>
    </None>
    <None Include="Mod\NplCadLibrary\test\test_Extrude.lua">
      <Filter>Mod\NplCadLibrary\test</Filter>
    </None>
    <None Include="Mod\NplCadLibrary\test\test_Path.lua">
      <Filter>Mod\NplCadLibrary\test</Filter>
    </None>
    <None Include="Mod\NplCadLibrary\test\test_polyhedron.lua">
      <Filter>Mod\NplCadLibrary\test</Filter>
    </None>
    <None Include="Mod\NplCadLibrary\test\test_shapes.lua">
      <Filter>Mod\NplCadLibrary\test</Filter>
    </None>
    <None Include="README.md" />
    <None Include="Mod\NplCadLibrary\testcase\TestCSG.lua">
      <Filter>Mod\NplCadLibrary\testcase</Filter>
    </None>
  </ItemGroup>
</Project>